
Microsoft Visual Studio Solution File, Format Version 12.00
# Visual Studio Version 17
VisualStudioVersion = 17.0.31903.59
MinimumVisualStudioVersion = 10.0.40219.1
Project("{FAE04EC0-301F-11D3-BF4B-00C04F79EFBC}") = "MyLinq.Classlib", "MyLinq.Classlib\MyLinq.Classlib.csproj", "{3A39516F-1AD5-40FF-A399-3BE362C9B08A}"
EndProject
Project("{FAE04EC0-301F-11D3-BF4B-00C04F79EFBC}") = "MyLinq.Consola", "MyLinq.Consola\MyLinq.Consola.csproj", "{AD5C0F18-962B-4C9C-B3AC-1CFB19F91E24}"
EndProject
Global
	GlobalSection(SolutionConfigurationPlatforms) = preSolution
		Debug|Any CPU = Debug|Any CPU
		Release|Any CPU = Release|Any CPU
	EndGlobalSection
	GlobalSection(SolutionProperties) = preSolution
		HideSolutionNode = FALSE
	EndGlobalSection
	GlobalSection(ProjectConfigurationPlatforms) = postSolution
		{3A39516F-1AD5-40FF-A399-3BE362C9B08A}.Debug|Any CPU.ActiveCfg = Debug|Any CPU
		{3A39516F-1AD5-40FF-A399-3BE362C9B08A}.Debug|Any CPU.Build.0 = Debug|Any CPU
		{3A39516F-1AD5-40FF-A399-3BE362C9B08A}.Release|Any CPU.ActiveCfg = Release|Any CPU
		{3A39516F-1AD5-40FF-A399-3BE362C9B08A}.Release|Any CPU.Build.0 = Release|Any CPU
		{AD5C0F18-962B-4C9C-B3AC-1CFB19F91E24}.Debug|Any CPU.ActiveCfg = Debug|Any CPU
		{AD5C0F18-962B-4C9C-B3AC-1CFB19F91E24}.Debug|Any CPU.Build.0 = Debug|Any CPU
		{AD5C0F18-962B-4C9C-B3AC-1CFB19F91E24}.Release|Any CPU.ActiveCfg = Release|Any CPU
		{AD5C0F18-962B-4C9C-B3AC-1CFB19F91E24}.Release|Any CPU.Build.0 = Release|Any CPU
	EndGlobalSection
EndGlobal
